
Microsoft Visual Studio Solution File, Format Version 12.00
# Visual Studio Version 17
VisualStudioVersion = 17.4.33122.133
MinimumVisualStudioVersion = 10.0.40219.1
Project("{FAE04EC0-301F-11D3-BF4B-00C04F79EFBC}") = "ClassTask", "ClassTask\ClassTask.csproj", "{2A22B222-2A4E-4BDB-BFF3-FD42CE6764E1}"
EndProject
Project("{FAE04EC0-301F-11D3-BF4B-00C04F79EFBC}") = "ServiceLayer", "ServiceLayer\ServiceLayer.csproj", "{60A0569B-0509-4B09-9E73-201A81E91391}"
EndProject
Global
	GlobalSection(SolutionConfigurationPlatforms) = preSolution
		Debug|Any CPU = Debug|Any CPU
		Release|Any CPU = Release|Any CPU
	EndGlobalSection
	GlobalSection(ProjectConfigurationPlatforms) = postSolution
		{2A22B222-2A4E-4BDB-BFF3-FD42CE6764E1}.Debug|Any CPU.ActiveCfg = Debug|Any CPU
		{2A22B222-2A4E-4BDB-BFF3-FD42CE6764E1}.Debug|Any CPU.Build.0 = Debug|Any CPU
		{2A22B222-2A4E-4BDB-BFF3-FD42CE6764E1}.Release|Any CPU.ActiveCfg = Release|Any CPU
		{2A22B222-2A4E-4BDB-BFF3-FD42CE6764E1}.Release|Any CPU.Build.0 = Release|Any CPU
		{60A0569B-0509-4B09-9E73-201A81E91391}.Debug|Any CPU.ActiveCfg = Debug|Any CPU
		{60A0569B-0509-4B09-9E73-201A81E91391}.Debug|Any CPU.Build.0 = Debug|Any CPU
		{60A0569B-0509-4B09-9E73-201A81E91391}.Release|Any CPU.ActiveCfg = Release|Any CPU
		{60A0569B-0509-4B09-9E73-201A81E91391}.Release|Any CPU.Build.0 = Release|Any CPU
	EndGlobalSection
	GlobalSection(SolutionProperties) = preSolution
		HideSolutionNode = FALSE
	EndGlobalSection
	GlobalSection(ExtensibilityGlobals) = postSolution
		SolutionGuid = {8D55D4FF-2BEF-4026-8038-B18E01AE17E6}
	EndGlobalSection
EndGlobal
